
Microsoft Visual Studio Solution File, Format Version 11.00
# Visual Studio 2010
Project("{FAE04EC0-301F-11D3-BF4B-00C04F79EFBC}") = "EFOldAndBad", "EFOldAndBad\EFOldAndBad.csproj", "{DBD56B56-6DBA-45EA-B522-ECEBAB871408}"
EndProject
Global
	GlobalSection(SolutionConfigurationPlatforms) = preSolution
		Debug|Any CPU = Debug|Any CPU
		Release|Any CPU = Release|Any CPU
	EndGlobalSection
	GlobalSection(ProjectConfigurationPlatforms) = postSolution
		{DBD56B56-6DBA-45EA-B522-ECEBAB871408}.Debug|Any CPU.ActiveCfg = Debug|Any CPU
		{DBD56B56-6DBA-45EA-B522-ECEBAB871408}.Debug|Any CPU.Build.0 = Debug|Any CPU
		{DBD56B56-6DBA-45EA-B522-ECEBAB871408}.Release|Any CPU.ActiveCfg = Release|Any CPU
		{DBD56B56-6DBA-45EA-B522-ECEBAB871408}.Release|Any CPU.Build.0 = Release|Any CPU
	EndGlobalSection
	GlobalSection(SolutionProperties) = preSolution
		HideSolutionNode = FALSE
	EndGlobalSection
EndGlobal
